
Microsoft Visual Studio Solution File, Format Version 12.00
# Visual Studio Version 16
VisualStudioVersion = 16.0.31702.278
MinimumVisualStudioVersion = 10.0.40219.1
Project("{FAE04EC0-301F-11D3-BF4B-00C04F79EFBC}") = "MonoTest", "MonoTest\MonoTest.csproj", "{1EF8C3C0-A853-4088-846F-49CB36EC792C}"
EndProject
Global
	GlobalSection(SolutionConfigurationPlatforms) = preSolution
		Debug|Any CPU = Debug|Any CPU
		Release|Any CPU = Release|Any CPU
	EndGlobalSection
	GlobalSection(ProjectConfigurationPlatforms) = postSolution
		{1EF8C3C0-A853-4088-846F-49CB36EC792C}.Debug|Any CPU.ActiveCfg = Debug|Any CPU
		{1EF8C3C0-A853-4088-846F-49CB36EC792C}.Debug|Any CPU.Build.0 = Debug|Any CPU
		{1EF8C3C0-A853-4088-846F-49CB36EC792C}.Release|Any CPU.ActiveCfg = Release|Any CPU
		{1EF8C3C0-A853-4088-846F-49CB36EC792C}.Release|Any CPU.Build.0 = Release|Any CPU
	EndGlobalSection
	GlobalSection(SolutionProperties) = preSolution
		HideSolutionNode = FALSE
	EndGlobalSection
	GlobalSection(ExtensibilityGlobals) = postSolution
		SolutionGuid = {F6DA4DBA-8D86-4C4A-AAC6-CCDB2906D98B}
	EndGlobalSection
EndGlobal
